
Microsoft Visual Studio Solution File, Format Version 12.00
# Visual Studio 2013
VisualStudioVersion = 12.0.21005.1
MinimumVisualStudioVersion = 10.0.40219.1
Project("{FAE04EC0-301F-11D3-BF4B-00C04F79EFBC}") = "validateCode", "validateCode\validateCode.csproj", "{D4588E7C-9B73-4193-916F-CF39AB777AA9}"
EndProject
Project("{FAE04EC0-301F-11D3-BF4B-00C04F79EFBC}") = "Common", "Common\Common.csproj", "{F3152E0E-7B74-4BAC-BB1A-F59AEA1AA6E4}"
EndProject
Project("{FAE04EC0-301F-11D3-BF4B-00C04F79EFBC}") = "uploadDemo", "uploadDemo\uploadDemo.csproj", "{5DA71CF4-4208-409D-852F-36147F36C8F0}"
EndProject
Global
	GlobalSection(SolutionConfigurationPlatforms) = preSolution
		Debug|Any CPU = Debug|Any CPU
		Release|Any CPU = Release|Any CPU
	EndGlobalSection
	GlobalSection(ProjectConfigurationPlatforms) = postSolution
		{D4588E7C-9B73-4193-916F-CF39AB777AA9}.Debug|Any CPU.ActiveCfg = Debug|Any CPU
		{D4588E7C-9B73-4193-916F-CF39AB777AA9}.Debug|Any CPU.Build.0 = Debug|Any CPU
		{D4588E7C-9B73-4193-916F-CF39AB777AA9}.Release|Any CPU.ActiveCfg = Release|Any CPU
		{D4588E7C-9B73-4193-916F-CF39AB777AA9}.Release|Any CPU.Build.0 = Release|Any CPU
		{F3152E0E-7B74-4BAC-BB1A-F59AEA1AA6E4}.Debug|Any CPU.ActiveCfg = Debug|Any CPU
		{F3152E0E-7B74-4BAC-BB1A-F59AEA1AA6E4}.Debug|Any CPU.Build.0 = Debug|Any CPU
		{F3152E0E-7B74-4BAC-BB1A-F59AEA1AA6E4}.Release|Any CPU.ActiveCfg = Release|Any CPU
		{F3152E0E-7B74-4BAC-BB1A-F59AEA1AA6E4}.Release|Any CPU.Build.0 = Release|Any CPU
		{5DA71CF4-4208-409D-852F-36147F36C8F0}.Debug|Any CPU.ActiveCfg = Debug|Any CPU
		{5DA71CF4-4208-409D-852F-36147F36C8F0}.Debug|Any CPU.Build.0 = Debug|Any CPU
		{5DA71CF4-4208-409D-852F-36147F36C8F0}.Release|Any CPU.ActiveCfg = Release|Any CPU
		{5DA71CF4-4208-409D-852F-36147F36C8F0}.Release|Any CPU.Build.0 = Release|Any CPU
	EndGlobalSection
	GlobalSection(SolutionProperties) = preSolution
		HideSolutionNode = FALSE
	EndGlobalSection
EndGlobal
